Microsoft Visual Studio Solution File, Format Version 12.00
# Visual Studio Version 17
VisualStudioVersion = 17.5.2.0
MinimumVisualStudioVersion = 10.0.40219.1
Project("{FAE04EC0-301F-11D3-BF4B-00C04F79EFBC}") = "CBasicOpp2", "CBasicOpp2.csproj", "{D59519FD-E0D9-CB7B-09D2-88CA7C7AD92C}"
EndProject
Global
	GlobalSection(SolutionConfigurationPlatforms) = preSolution
		Debug|Any CPU = Debug|Any CPU
		Release|Any CPU = Release|Any CPU
	EndGlobalSection
	GlobalSection(ProjectConfigurationPlatforms) = postSolution
		{D59519FD-E0D9-CB7B-09D2-88CA7C7AD92C}.Debug|Any CPU.ActiveCfg = Debug|Any CPU
		{D59519FD-E0D9-CB7B-09D2-88CA7C7AD92C}.Debug|Any CPU.Build.0 = Debug|Any CPU
		{D59519FD-E0D9-CB7B-09D2-88CA7C7AD92C}.Release|Any CPU.ActiveCfg = Release|Any CPU
		{D59519FD-E0D9-CB7B-09D2-88CA7C7AD92C}.Release|Any CPU.Build.0 = Release|Any CPU
	EndGlobalSection
	GlobalSection(SolutionProperties) = preSolution
		HideSolutionNode = FALSE
	EndGlobalSection
	GlobalSection(ExtensibilityGlobals) = postSolution
		SolutionGuid = {4262A48C-FB6D-4170-B68B-2650DDA94844}
	EndGlobalSection
EndGlobal
